
Microsoft Visual Studio Solution File, Format Version 12.00
# Visual Studio Version 17
VisualStudioVersion = 17.7.34024.191
MinimumVisualStudioVersion = 10.0.40219.1
Project("{9A19103F-16F7-4668-BE54-9A1E7A4F7556}") = "Github_webhook_Slack_App_Azure_FunctionApp", "Github_webhook_Slack_ App_Azure_FunctionApp\Github_webhook_Slack_App_Azure_FunctionApp.csproj", "{552E3F08-C18E-45D7-AD57-94595EBCF347}"
EndProject
Global
	GlobalSection(SolutionConfigurationPlatforms) = preSolution
		Debug|Any CPU = Debug|Any CPU
		Release|Any CPU = Release|Any CPU
	EndGlobalSection
	GlobalSection(ProjectConfigurationPlatforms) = postSolution
		{552E3F08-C18E-45D7-AD57-94595EBCF347}.Debug|Any CPU.ActiveCfg = Debug|Any CPU
		{552E3F08-C18E-45D7-AD57-94595EBCF347}.Debug|Any CPU.Build.0 = Debug|Any CPU
		{552E3F08-C18E-45D7-AD57-94595EBCF347}.Release|Any CPU.ActiveCfg = Release|Any CPU
		{552E3F08-C18E-45D7-AD57-94595EBCF347}.Release|Any CPU.Build.0 = Release|Any CPU
	EndGlobalSection
	GlobalSection(SolutionProperties) = preSolution
		HideSolutionNode = FALSE
	EndGlobalSection
	GlobalSection(ExtensibilityGlobals) = postSolution
		SolutionGuid = {D3803179-1865-4E97-8331-035FA22F0CD2}
	EndGlobalSection
EndGlobal
